
Microsoft Visual Studio Solution File, Format Version 12.00
Project("{FAE04EC0-301F-11D3-BF4B-00C04F79EFBC}") = "VolumeMasterCom", "VolumeMasterCom\VolumeMasterCom.csproj", "{0C13BB1B-11D0-4A15-B4CE-80C8A07057CE}"
EndProject
Project("{FAE04EC0-301F-11D3-BF4B-00C04F79EFBC}") = "VolumeMasterD", "VolumeMasterD\VolumeMasterD.csproj", "{CDF18BF7-647B-44A0-9BBC-587819BDF787}"
EndProject
Project("{FAE04EC0-301F-11D3-BF4B-00C04F79EFBC}") = "VolumeMasterService", "VolumeMasterService\VolumeMasterService.csproj", "{DB9BE04E-7A03-4F5C-86B1-A320BB8B9594}"
EndProject
Global
	GlobalSection(SolutionConfigurationPlatforms) = preSolution
		Debug|Any CPU = Debug|Any CPU
		Release|Any CPU = Release|Any CPU
	EndGlobalSection
	GlobalSection(ProjectConfigurationPlatforms) = postSolution
		{0C13BB1B-11D0-4A15-B4CE-80C8A07057CE}.Debug|Any CPU.ActiveCfg = Debug|Any CPU
		{0C13BB1B-11D0-4A15-B4CE-80C8A07057CE}.Debug|Any CPU.Build.0 = Debug|Any CPU
		{0C13BB1B-11D0-4A15-B4CE-80C8A07057CE}.Release|Any CPU.ActiveCfg = Release|Any CPU
		{0C13BB1B-11D0-4A15-B4CE-80C8A07057CE}.Release|Any CPU.Build.0 = Release|Any CPU
		{CDF18BF7-647B-44A0-9BBC-587819BDF787}.Debug|Any CPU.ActiveCfg = Debug|Any CPU
		{CDF18BF7-647B-44A0-9BBC-587819BDF787}.Debug|Any CPU.Build.0 = Debug|Any CPU
		{CDF18BF7-647B-44A0-9BBC-587819BDF787}.Release|Any CPU.ActiveCfg = Release|Any CPU
		{CDF18BF7-647B-44A0-9BBC-587819BDF787}.Release|Any CPU.Build.0 = Release|Any CPU
		{CDF18BF7-647B-44A0-9BBC-587819BDF787}.Release|Any CPU.Deploy.0 = Release|Any CPU
		{DB9BE04E-7A03-4F5C-86B1-A320BB8B9594}.Release|Any CPU.ActiveCfg = Release|Any CPU
		{DB9BE04E-7A03-4F5C-86B1-A320BB8B9594}.Release|Any CPU.Build.0 = Release|Any CPU
	EndGlobalSection
EndGlobal
