
Microsoft Visual Studio Solution File, Format Version 12.00
Project("{FAE04EC0-301F-11D3-BF4B-00C04F79EFBC}") = "VolumeMasterCom", "VolumeMasterCom\VolumeMasterCom.csproj", "{0C13BB1B-11D0-4A15-B4CE-80C8A07057CE}"
EndProject
Project("{FAE04EC0-301F-11D3-BF4B-00C04F79EFBC}") = "VolumeMasterD", "VolumeMasterD\VolumeMasterD.csproj", "{CDF18BF7-647B-44A0-9BBC-587819BDF787}"
EndProject
Project("{FAE04EC0-301F-11D3-BF4B-00C04F79EFBC}") = "VolumeMasterServiceWeb", "VolumeMasterServiceWeb\VolumeMasterServiceWeb.csproj", "{BD609788-DFD3-4692-B86C-088906F9C492}"
EndProject
Project("{2150E333-8FDC-42A3-9474-1A3956D46DE8}") = "PC", "PC", "{1A4F3D30-3617-4342-B2B1-0B4AD1FB33D0}"
EndProject
Project("{2150E333-8FDC-42A3-9474-1A3956D46DE8}") = "Arduino", "Arduino", "{EC964E23-E4B9-4B55-9AFC-06E4D334D83A}"
EndProject
Project("{2150E333-8FDC-42A3-9474-1A3956D46DE8}") = "Phone", "Phone", "{19C59288-CFC0-4D1C-8F05-37D88F3ADE43}"
EndProject
Project("{FAE04EC0-301F-11D3-BF4B-00C04F79EFBC}") = "Testsse", "Testsse\Testsse.csproj", "{68D83D04-6CB4-412E-8810-06E0C818B341}"
EndProject
Project("{FAE04EC0-301F-11D3-BF4B-00C04F79EFBC}") = "VolumeMasterRemote", "VolumeMasterRemote\VolumeMasterRemote.csproj", "{975ED05A-6FE9-4954-820E-05A25F62EF5F}"
EndProject
Global
	GlobalSection(SolutionConfigurationPlatforms) = preSolution
		Debug|Any CPU = Debug|Any CPU
		Release|Any CPU = Release|Any CPU
	EndGlobalSection
	GlobalSection(ProjectConfigurationPlatforms) = postSolution
		{0C13BB1B-11D0-4A15-B4CE-80C8A07057CE}.Debug|Any CPU.ActiveCfg = Debug|Any CPU
		{0C13BB1B-11D0-4A15-B4CE-80C8A07057CE}.Debug|Any CPU.Build.0 = Debug|Any CPU
		{0C13BB1B-11D0-4A15-B4CE-80C8A07057CE}.Release|Any CPU.ActiveCfg = Release|Any CPU
		{0C13BB1B-11D0-4A15-B4CE-80C8A07057CE}.Release|Any CPU.Build.0 = Release|Any CPU
		{CDF18BF7-647B-44A0-9BBC-587819BDF787}.Debug|Any CPU.ActiveCfg = Debug|Any CPU
		{CDF18BF7-647B-44A0-9BBC-587819BDF787}.Debug|Any CPU.Build.0 = Debug|Any CPU
		{CDF18BF7-647B-44A0-9BBC-587819BDF787}.Release|Any CPU.ActiveCfg = Release|Any CPU
		{CDF18BF7-647B-44A0-9BBC-587819BDF787}.Release|Any CPU.Build.0 = Release|Any CPU
		{BD609788-DFD3-4692-B86C-088906F9C492}.Debug|Any CPU.ActiveCfg = Debug|Any CPU
		{BD609788-DFD3-4692-B86C-088906F9C492}.Debug|Any CPU.Build.0 = Debug|Any CPU
		{BD609788-DFD3-4692-B86C-088906F9C492}.Release|Any CPU.ActiveCfg = Release|Any CPU
		{BD609788-DFD3-4692-B86C-088906F9C492}.Release|Any CPU.Build.0 = Release|Any CPU
		{68D83D04-6CB4-412E-8810-06E0C818B341}.Debug|Any CPU.ActiveCfg = Debug|Any CPU
		{68D83D04-6CB4-412E-8810-06E0C818B341}.Debug|Any CPU.Build.0 = Debug|Any CPU
		{68D83D04-6CB4-412E-8810-06E0C818B341}.Release|Any CPU.ActiveCfg = Release|Any CPU
		{68D83D04-6CB4-412E-8810-06E0C818B341}.Release|Any CPU.Build.0 = Release|Any CPU
		{975ED05A-6FE9-4954-820E-05A25F62EF5F}.Debug|Any CPU.ActiveCfg = Debug|Any CPU
		{975ED05A-6FE9-4954-820E-05A25F62EF5F}.Debug|Any CPU.Build.0 = Debug|Any CPU
		{975ED05A-6FE9-4954-820E-05A25F62EF5F}.Release|Any CPU.ActiveCfg = Release|Any CPU
		{975ED05A-6FE9-4954-820E-05A25F62EF5F}.Release|Any CPU.Build.0 = Release|Any CPU
	EndGlobalSection
	GlobalSection(NestedProjects) = preSolution
		{BD609788-DFD3-4692-B86C-088906F9C492} = {1A4F3D30-3617-4342-B2B1-0B4AD1FB33D0}
		{CDF18BF7-647B-44A0-9BBC-587819BDF787} = {1A4F3D30-3617-4342-B2B1-0B4AD1FB33D0}
		{0C13BB1B-11D0-4A15-B4CE-80C8A07057CE} = {EC964E23-E4B9-4B55-9AFC-06E4D334D83A}
		{68D83D04-6CB4-412E-8810-06E0C818B341} = {19C59288-CFC0-4D1C-8F05-37D88F3ADE43}
		{975ED05A-6FE9-4954-820E-05A25F62EF5F} = {19C59288-CFC0-4D1C-8F05-37D88F3ADE43}
	EndGlobalSection
EndGlobal
